
Microsoft Visual Studio Solution File, Format Version 12.00
# Visual Studio Version 16
VisualStudioVersion = 25.0.1700.1
MinimumVisualStudioVersion = 10.0.40219.1
Project("{FAE04EC0-301F-11D3-BF4B-00C04F79EFBC}") = "Console_Signal", "Console_Signal\Console_Signal.csproj", "{792E1CFC-1482-47C8-8E35-ED4A51ECE738}"
EndProject
Global
	GlobalSection(SolutionConfigurationPlatforms) = preSolution
		Debug|Any CPU = Debug|Any CPU
		Release|Any CPU = Release|Any CPU
	EndGlobalSection
	GlobalSection(ProjectConfigurationPlatforms) = postSolution
		{792E1CFC-1482-47C8-8E35-ED4A51ECE738}.Debug|Any CPU.ActiveCfg = Debug|Any CPU
		{792E1CFC-1482-47C8-8E35-ED4A51ECE738}.Debug|Any CPU.Build.0 = Debug|Any CPU
		{792E1CFC-1482-47C8-8E35-ED4A51ECE738}.Release|Any CPU.ActiveCfg = Release|Any CPU
		{792E1CFC-1482-47C8-8E35-ED4A51ECE738}.Release|Any CPU.Build.0 = Release|Any CPU
	EndGlobalSection
	GlobalSection(SolutionProperties) = preSolution
		HideSolutionNode = FALSE
	EndGlobalSection
	GlobalSection(ExtensibilityGlobals) = postSolution
		SolutionGuid = {09EEB9C3-6B83-4E7E-B676-D219CD021171}
	EndGlobalSection
EndGlobal
